
Microsoft Visual Studio Solution File, Format Version 12.00
# Visual Studio Version 17
VisualStudioVersion = 17.8.34525.116
MinimumVisualStudioVersion = 10.0.40219.1
Project("{FAE04EC0-301F-11D3-BF4B-00C04F79EFBC}") = "Week9-Lists", "Week9-Lists\Week9-Lists.csproj", "{D978E5D5-AEA2-4B57-A609-58309F0480D0}"
EndProject
Global
	GlobalSection(SolutionConfigurationPlatforms) = preSolution
		Debug|Any CPU = Debug|Any CPU
		Release|Any CPU = Release|Any CPU
	EndGlobalSection
	GlobalSection(ProjectConfigurationPlatforms) = postSolution
		{D978E5D5-AEA2-4B57-A609-58309F0480D0}.Debug|Any CPU.ActiveCfg = Debug|Any CPU
		{D978E5D5-AEA2-4B57-A609-58309F0480D0}.Debug|Any CPU.Build.0 = Debug|Any CPU
		{D978E5D5-AEA2-4B57-A609-58309F0480D0}.Release|Any CPU.ActiveCfg = Release|Any CPU
		{D978E5D5-AEA2-4B57-A609-58309F0480D0}.Release|Any CPU.Build.0 = Release|Any CPU
	EndGlobalSection
	GlobalSection(SolutionProperties) = preSolution
		HideSolutionNode = FALSE
	EndGlobalSection
	GlobalSection(ExtensibilityGlobals) = postSolution
		SolutionGuid = {46228348-E0F2-4631-90F3-C3FD87D4B609}
	EndGlobalSection
EndGlobal
